
Microsoft Visual Studio Solution File, Format Version 12.00
# Visual Studio Version 17
VisualStudioVersion = 17.9.34622.214
MinimumVisualStudioVersion = 10.0.40219.1
Project("{FAE04EC0-301F-11D3-BF4B-00C04F79EFBC}") = "AngularAuthAPI", "AngularAuthAPI\AngularAuthAPI.csproj", "{294E53E7-9EE7-48C8-93ED-73D9C3394A67}"
EndProject
Global
	GlobalSection(SolutionConfigurationPlatforms) = preSolution
		Debug|Any CPU = Debug|Any CPU
		Release|Any CPU = Release|Any CPU
	EndGlobalSection
	GlobalSection(ProjectConfigurationPlatforms) = postSolution
		{294E53E7-9EE7-48C8-93ED-73D9C3394A67}.Debug|Any CPU.ActiveCfg = Debug|Any CPU
		{294E53E7-9EE7-48C8-93ED-73D9C3394A67}.Debug|Any CPU.Build.0 = Debug|Any CPU
		{294E53E7-9EE7-48C8-93ED-73D9C3394A67}.Release|Any CPU.ActiveCfg = Release|Any CPU
		{294E53E7-9EE7-48C8-93ED-73D9C3394A67}.Release|Any CPU.Build.0 = Release|Any CPU
	EndGlobalSection
	GlobalSection(SolutionProperties) = preSolution
		HideSolutionNode = FALSE
	EndGlobalSection
	GlobalSection(ExtensibilityGlobals) = postSolution
		SolutionGuid = {6DC77D55-F60A-40F5-8A64-5D42C481C6D8}
	EndGlobalSection
EndGlobal
